
Microsoft Visual Studio Solution File, Format Version 12.00
# Visual Studio Version 17
VisualStudioVersion = 17.12.35527.113 d17.12
MinimumVisualStudioVersion = 10.0.40219.1
Project("{FAE04EC0-301F-11D3-BF4B-00C04F79EFBC}") = "Server", "Server\Server.csproj", "{0E9B1BAF-BDE1-4228-98F1-7822AB6B37A8}"
EndProject
Project("{FAE04EC0-301F-11D3-BF4B-00C04F79EFBC}") = "Client", "Client\Client.csproj", "{1BFA4F98-1EB5-4BC5-9D6B-A330D08EA23E}"
EndProject
Global
	GlobalSection(SolutionConfigurationPlatforms) = preSolution
		Debug|Any CPU = Debug|Any CPU
		Release|Any CPU = Release|Any CPU
	EndGlobalSection
	GlobalSection(ProjectConfigurationPlatforms) = postSolution
		{0E9B1BAF-BDE1-4228-98F1-7822AB6B37A8}.Debug|Any CPU.ActiveCfg = Debug|Any CPU
		{0E9B1BAF-BDE1-4228-98F1-7822AB6B37A8}.Debug|Any CPU.Build.0 = Debug|Any CPU
		{0E9B1BAF-BDE1-4228-98F1-7822AB6B37A8}.Release|Any CPU.ActiveCfg = Release|Any CPU
		{0E9B1BAF-BDE1-4228-98F1-7822AB6B37A8}.Release|Any CPU.Build.0 = Release|Any CPU
		{1BFA4F98-1EB5-4BC5-9D6B-A330D08EA23E}.Debug|Any CPU.ActiveCfg = Debug|Any CPU
		{1BFA4F98-1EB5-4BC5-9D6B-A330D08EA23E}.Debug|Any CPU.Build.0 = Debug|Any CPU
		{1BFA4F98-1EB5-4BC5-9D6B-A330D08EA23E}.Release|Any CPU.ActiveCfg = Release|Any CPU
		{1BFA4F98-1EB5-4BC5-9D6B-A330D08EA23E}.Release|Any CPU.Build.0 = Release|Any CPU
	EndGlobalSection
	GlobalSection(SolutionProperties) = preSolution
		HideSolutionNode = FALSE
	EndGlobalSection
EndGlobal
